
Microsoft Visual Studio Solution File, Format Version 12.00
# Visual Studio 2013
VisualStudioVersion = 12.0.31101.0
MinimumVisualStudioVersion = 10.0.40219.1
Project("{FAE04EC0-301F-11D3-BF4B-00C04F79EFBC}") = "Quiron.LojaVirtual.Dominio", "Quiron.LojaVirtual.Dominio\Quiron.LojaVirtual.Dominio.csproj", "{6F5007DC-5BF4-4B56-8D0B-01E0DDE5CE09}"
EndProject
Project("{FAE04EC0-301F-11D3-BF4B-00C04F79EFBC}") = "Quiron.LojaVirtual.Web", "Quiron.LojaVirtual.Web\Quiron.LojaVirtual.Web.csproj", "{1CB1B35E-9BFA-4EEB-A248-EFD70BBA7CF9}"
EndProject
Project("{FAE04EC0-301F-11D3-BF4B-00C04F79EFBC}") = "Quiron.LojaVirtual.UnitTest", "Quiron.LojaVirtual.UnitTest\Quiron.LojaVirtual.UnitTest.csproj", "{C8410EAD-39BD-43AF-B6FA-563CA33D89F1}"
EndProject
Global
	GlobalSection(SolutionConfigurationPlatforms) = preSolution
		Debug|Any CPU = Debug|Any CPU
		Release|Any CPU = Release|Any CPU
	EndGlobalSection
	GlobalSection(ProjectConfigurationPlatforms) = postSolution
		{6F5007DC-5BF4-4B56-8D0B-01E0DDE5CE09}.Debug|Any CPU.ActiveCfg = Debug|Any CPU
		{6F5007DC-5BF4-4B56-8D0B-01E0DDE5CE09}.Debug|Any CPU.Build.0 = Debug|Any CPU
		{6F5007DC-5BF4-4B56-8D0B-01E0DDE5CE09}.Release|Any CPU.ActiveCfg = Release|Any CPU
		{6F5007DC-5BF4-4B56-8D0B-01E0DDE5CE09}.Release|Any CPU.Build.0 = Release|Any CPU
		{1CB1B35E-9BFA-4EEB-A248-EFD70BBA7CF9}.Debug|Any CPU.ActiveCfg = Debug|Any CPU
		{1CB1B35E-9BFA-4EEB-A248-EFD70BBA7CF9}.Debug|Any CPU.Build.0 = Debug|Any CPU
		{1CB1B35E-9BFA-4EEB-A248-EFD70BBA7CF9}.Release|Any CPU.ActiveCfg = Release|Any CPU
		{1CB1B35E-9BFA-4EEB-A248-EFD70BBA7CF9}.Release|Any CPU.Build.0 = Release|Any CPU
		{C8410EAD-39BD-43AF-B6FA-563CA33D89F1}.Debug|Any CPU.ActiveCfg = Debug|Any CPU
		{C8410EAD-39BD-43AF-B6FA-563CA33D89F1}.Debug|Any CPU.Build.0 = Debug|Any CPU
		{C8410EAD-39BD-43AF-B6FA-563CA33D89F1}.Release|Any CPU.ActiveCfg = Release|Any CPU
		{C8410EAD-39BD-43AF-B6FA-563CA33D89F1}.Release|Any CPU.Build.0 = Release|Any CPU
	EndGlobalSection
	GlobalSection(SolutionProperties) = preSolution
		HideSolutionNode = FALSE
	EndGlobalSection
EndGlobal
